
Microsoft Visual Studio Solution File, Format Version 12.00
# Visual Studio Version 17
VisualStudioVersion = 17.3.32929.385
MinimumVisualStudioVersion = 10.0.40219.1
Project("{9A19103F-16F7-4668-BE54-9A1E7A4F7556}") = "APICacheRedis", "APICacheRedis\APICacheRedis.csproj", "{F29031BE-1737-49EB-BAE0-E8BAB69C1E11}"
EndProject
Project("{9A19103F-16F7-4668-BE54-9A1E7A4F7556}") = "APICacheRedis.Application", "APICacheRedis.Application\APICacheRedis.Application.csproj", "{727336D6-D8C3-4651-BDCF-B6721AE38F48}"
EndProject
Project("{9A19103F-16F7-4668-BE54-9A1E7A4F7556}") = "APICacheRedis.Domain", "APICacheRedis.Domain\APICacheRedis.Domain.csproj", "{50EE2355-99BD-4561-A82D-8C72E3FD5E6E}"
EndProject
Project("{9A19103F-16F7-4668-BE54-9A1E7A4F7556}") = "APICacheRedis.Infra", "APICacheRedis.Infra\APICacheRedis.Infra.csproj", "{EB760695-B849-49C2-A360-85606EC2D6BE}"
EndProject
Global
	GlobalSection(SolutionConfigurationPlatforms) = preSolution
		Debug|Any CPU = Debug|Any CPU
		Release|Any CPU = Release|Any CPU
	EndGlobalSection
	GlobalSection(ProjectConfigurationPlatforms) = postSolution
		{F29031BE-1737-49EB-BAE0-E8BAB69C1E11}.Debug|Any CPU.ActiveCfg = Debug|Any CPU
		{F29031BE-1737-49EB-BAE0-E8BAB69C1E11}.Debug|Any CPU.Build.0 = Debug|Any CPU
		{F29031BE-1737-49EB-BAE0-E8BAB69C1E11}.Release|Any CPU.ActiveCfg = Release|Any CPU
		{F29031BE-1737-49EB-BAE0-E8BAB69C1E11}.Release|Any CPU.Build.0 = Release|Any CPU
		{727336D6-D8C3-4651-BDCF-B6721AE38F48}.Debug|Any CPU.ActiveCfg = Debug|Any CPU
		{727336D6-D8C3-4651-BDCF-B6721AE38F48}.Debug|Any CPU.Build.0 = Debug|Any CPU
		{727336D6-D8C3-4651-BDCF-B6721AE38F48}.Release|Any CPU.ActiveCfg = Release|Any CPU
		{727336D6-D8C3-4651-BDCF-B6721AE38F48}.Release|Any CPU.Build.0 = Release|Any CPU
		{50EE2355-99BD-4561-A82D-8C72E3FD5E6E}.Debug|Any CPU.ActiveCfg = Debug|Any CPU
		{50EE2355-99BD-4561-A82D-8C72E3FD5E6E}.Debug|Any CPU.Build.0 = Debug|Any CPU
		{50EE2355-99BD-4561-A82D-8C72E3FD5E6E}.Release|Any CPU.ActiveCfg = Release|Any CPU
		{50EE2355-99BD-4561-A82D-8C72E3FD5E6E}.Release|Any CPU.Build.0 = Release|Any CPU
		{EB760695-B849-49C2-A360-85606EC2D6BE}.Debug|Any CPU.ActiveCfg = Debug|Any CPU
		{EB760695-B849-49C2-A360-85606EC2D6BE}.Debug|Any CPU.Build.0 = Debug|Any CPU
		{EB760695-B849-49C2-A360-85606EC2D6BE}.Release|Any CPU.ActiveCfg = Release|Any CPU
		{EB760695-B849-49C2-A360-85606EC2D6BE}.Release|Any CPU.Build.0 = Release|Any CPU
	EndGlobalSection
	GlobalSection(SolutionProperties) = preSolution
		HideSolutionNode = FALSE
	EndGlobalSection
	GlobalSection(ExtensibilityGlobals) = postSolution
		SolutionGuid = {E7389654-23F5-497E-A7B7-04B9C6AB84DF}
	EndGlobalSection
EndGlobal
